
Microsoft Visual Studio Solution File, Format Version 12.00
# Visual Studio Version 17
VisualStudioVersion = 17.14.36429.23 d17.14
MinimumVisualStudioVersion = 10.0.40219.1
Project("{FAE04EC0-301F-11D3-BF4B-00C04F79EFBC}") = "CustomerEmersonExceptionApp", "CustomerEmersonExceptionApp\CustomerEmersonExceptionApp.csproj", "{1531D7A1-D3AF-49EE-BB5E-AA479EB3DE5E}"
EndProject
Global
	GlobalSection(SolutionConfigurationPlatforms) = preSolution
		Debug|Any CPU = Debug|Any CPU
		Release|Any CPU = Release|Any CPU
	EndGlobalSection
	GlobalSection(ProjectConfigurationPlatforms) = postSolution
		{1531D7A1-D3AF-49EE-BB5E-AA479EB3DE5E}.Debug|Any CPU.ActiveCfg = Debug|Any CPU
		{1531D7A1-D3AF-49EE-BB5E-AA479EB3DE5E}.Debug|Any CPU.Build.0 = Debug|Any CPU
		{1531D7A1-D3AF-49EE-BB5E-AA479EB3DE5E}.Release|Any CPU.ActiveCfg = Release|Any CPU
		{1531D7A1-D3AF-49EE-BB5E-AA479EB3DE5E}.Release|Any CPU.Build.0 = Release|Any CPU
	EndGlobalSection
	GlobalSection(SolutionProperties) = preSolution
		HideSolutionNode = FALSE
	EndGlobalSection
	GlobalSection(ExtensibilityGlobals) = postSolution
		SolutionGuid = {59CA620E-5515-4F4F-91A5-17BD96FEDA37}
	EndGlobalSection
EndGlobal
